
Microsoft Visual Studio Solution File, Format Version 12.00
# Visual Studio Version 17
VisualStudioVersion = 17.7.34018.315
MinimumVisualStudioVersion = 10.0.40219.1
Project("{9A19103F-16F7-4668-BE54-9A1E7A4F7556}") = "CheckLiveInsta", "CheckLiveInsta\CheckLiveInsta.csproj", "{F27E2903-E4E1-49A5-A9C5-B4C451153C6F}"
EndProject
Project("{9A19103F-16F7-4668-BE54-9A1E7A4F7556}") = "ChromeDriverLibrary", "ChromeDriverLibrary\ChromeDriverLibrary.csproj", "{E6AAA046-17A0-4639-9C8A-80FCC646FB4D}"
EndProject
Project("{FAE04EC0-301F-11D3-BF4B-00C04F79EFBC}") = "InstaChecker", "InstaChecker\InstaChecker.csproj", "{126F40E2-7629-4030-A120-83087BD4E0FC}"
EndProject
Global
	GlobalSection(SolutionConfigurationPlatforms) = preSolution
		Debug|Any CPU = Debug|Any CPU
		Release|Any CPU = Release|Any CPU
	EndGlobalSection
	GlobalSection(ProjectConfigurationPlatforms) = postSolution
		{F27E2903-E4E1-49A5-A9C5-B4C451153C6F}.Debug|Any CPU.ActiveCfg = Debug|Any CPU
		{F27E2903-E4E1-49A5-A9C5-B4C451153C6F}.Debug|Any CPU.Build.0 = Debug|Any CPU
		{F27E2903-E4E1-49A5-A9C5-B4C451153C6F}.Release|Any CPU.ActiveCfg = Release|Any CPU
		{F27E2903-E4E1-49A5-A9C5-B4C451153C6F}.Release|Any CPU.Build.0 = Release|Any CPU
		{E6AAA046-17A0-4639-9C8A-80FCC646FB4D}.Debug|Any CPU.ActiveCfg = Debug|Any CPU
		{E6AAA046-17A0-4639-9C8A-80FCC646FB4D}.Debug|Any CPU.Build.0 = Debug|Any CPU
		{E6AAA046-17A0-4639-9C8A-80FCC646FB4D}.Release|Any CPU.ActiveCfg = Release|Any CPU
		{E6AAA046-17A0-4639-9C8A-80FCC646FB4D}.Release|Any CPU.Build.0 = Release|Any CPU
		{126F40E2-7629-4030-A120-83087BD4E0FC}.Debug|Any CPU.ActiveCfg = Debug|Any CPU
		{126F40E2-7629-4030-A120-83087BD4E0FC}.Debug|Any CPU.Build.0 = Debug|Any CPU
		{126F40E2-7629-4030-A120-83087BD4E0FC}.Release|Any CPU.ActiveCfg = Release|Any CPU
		{126F40E2-7629-4030-A120-83087BD4E0FC}.Release|Any CPU.Build.0 = Release|Any CPU
	EndGlobalSection
	GlobalSection(SolutionProperties) = preSolution
		HideSolutionNode = FALSE
	EndGlobalSection
	GlobalSection(ExtensibilityGlobals) = postSolution
		SolutionGuid = {2CDEC6BD-C930-4272-9F14-440778E90762}
	EndGlobalSection
EndGlobal
